<?xml version="1.0" encoding="utf-8"?>
<Project ToolsVersion="4.0" xmlns="http://schemas.microsoft.com/developer/msbuild/2003">
  <ItemGroup>
    <Filter Include="Header Files">
      <UniqueIdentifier>{d40c5a30-dbdc-48d2-abb9-78a1da021084}</UniqueIdentifier>
    </Filter>
    <Filter Include="Source Files">
      <UniqueIdentifier>{be9e1007-5e82-4c0b-abb9-3e9b1854eab3}</UniqueIdentifier>
    </Filter>
    <Filter Include="TwinCAT UM Files">
      <UniqueIdentifier>{04f30803-9190-4586-a4ea-0f093917071c}</UniqueIdentifier>
    </Filter>
    <Filter Include="TwinCAT RT Files">
      <UniqueIdentifier>{84958271-7aee-439f-94a2-de1109969047}</UniqueIdentifier>
    </Filter>
    <Filter Include="TwinCAT OS Files">
      <UniqueIdentifier>{f741dc14-853e-4664-811d-caeb357590fa}</UniqueIdentifier>
    </Filter>
    <Filter Include="TMC Files">
      <UniqueIdentifier>{96aee670-541d-4226-aab6-996ebc8a5b4a}</UniqueIdentifier>
    </Filter>
  </ItemGroup>
  <ItemGroup>
    <ClInclude Include="Resource.h">
      <Filter>TwinCAT UM Files</Filter>
    </ClInclude>
    <ClInclude Include="TcPch.h">
      <Filter>Header Files</Filter>
    </ClInclude>
    <ClInclude Include="TMC_File_Test_ProjectClassFactory.h">
      <Filter>Header Files</Filter>
    </ClInclude>
    <ClInclude Include="TMC_File_Test_ProjectInterfaces.h">
      <Filter>Header Files</Filter>
    </ClInclude>
    <ClInclude Include="TMC_File_Test_ProjectServices.h">
      <Filter>Header Files</Filter>
    </ClInclude>
    <ClInclude Include="TMC_File_Test_ProjectCtrl.h">
      <Filter>TwinCAT UM Files</Filter>
    </ClInclude>
    <ClInclude Include="TMC_File_Test_ProjectDriver.h">
      <Filter>TwinCAT RT Files</Filter>
    </ClInclude>
    <ClInclude Include="TestModule.h">
      <Filter>Header Files</Filter>
    </ClInclude>
  </ItemGroup>
  <ItemGroup>
    <ClCompile Include="TcPch.cpp">
      <Filter>Source Files</Filter>
    </ClCompile>
    <ClCompile Include="TMC_File_Test_ProjectClassFactory.cpp">
      <Filter>Source Files</Filter>
    </ClCompile>
    <ClCompile Include="TMC_File_Test_ProjectCtrl.cpp">
      <Filter>TwinCAT UM Files</Filter>
    </ClCompile>
    <ClCompile Include="TMC_File_Test_ProjectW32.cpp">
      <Filter>TwinCAT UM Files</Filter>
    </ClCompile>
    <ClCompile Include="TMC_File_Test_ProjectDriver.cpp">
      <Filter>TwinCAT RT Files</Filter>
    </ClCompile>
    <ClCompile Include="TMC_File_Test_ProjectMain.cpp">
      <Filter>TwinCAT OS Files</Filter>
    </ClCompile>
    <ClCompile Include="TestModule.cpp">
      <Filter>Source Files</Filter>
    </ClCompile>
  </ItemGroup>
  <ItemGroup>
    <ResourceCompile Include="TMC_File_Test_Project.rc">
      <Filter>Source Files</Filter>
    </ResourceCompile>
    <ResourceCompile Include="TMC_File_Test_ProjectW32.rc">
      <Filter>TwinCAT UM Files</Filter>
    </ResourceCompile>
  </ItemGroup>
  <ItemGroup>
    <None Include="TMC_File_Test_ProjectW32.def">
      <Filter>TwinCAT UM Files</Filter>
    </None>
    <None Include="TMC_File_Test_Project.tmc">
      <Filter>TMC Files</Filter>
    </None>
  </ItemGroup>
  <ItemGroup>
    <Midl Include="TMC_File_Test_ProjectW32.idl">
      <Filter>TwinCAT UM Files</Filter>
    </Midl>
  </ItemGroup>
</Project>